
Microsoft Visual Studio Solution File, Format Version 12.00
# Visual Studio Version 17
VisualStudioVersion = 17.5.33530.505
MinimumVisualStudioVersion = 10.0.40219.1
Project("{9A19103F-16F7-4668-BE54-9A1E7A4F7556}") = "NeuralNetwork", "NeuralNetwork.csproj", "{11AD5029-1677-4FF7-945A-4099B852123D}"
EndProject
Project("{FAE04EC0-301F-11D3-BF4B-00C04F79EFBC}") = "NeuralNetworkTests", "..\NeuralNetworkTests\NeuralNetworkTests.csproj", "{EC71A589-DF5B-4474-82AA-54B9179EA308}"
EndProject
Global
	GlobalSection(SolutionConfigurationPlatforms) = preSolution
		Debug|Any CPU = Debug|Any CPU
		Release|Any CPU = Release|Any CPU
	EndGlobalSection
	GlobalSection(ProjectConfigurationPlatforms) = postSolution
		{11AD5029-1677-4FF7-945A-4099B852123D}.Debug|Any CPU.ActiveCfg = Debug|Any CPU
		{11AD5029-1677-4FF7-945A-4099B852123D}.Debug|Any CPU.Build.0 = Debug|Any CPU
		{11AD5029-1677-4FF7-945A-4099B852123D}.Release|Any CPU.ActiveCfg = Release|Any CPU
		{11AD5029-1677-4FF7-945A-4099B852123D}.Release|Any CPU.Build.0 = Release|Any CPU
		{EC71A589-DF5B-4474-82AA-54B9179EA308}.Debug|Any CPU.ActiveCfg = Debug|Any CPU
		{EC71A589-DF5B-4474-82AA-54B9179EA308}.Debug|Any CPU.Build.0 = Debug|Any CPU
		{EC71A589-DF5B-4474-82AA-54B9179EA308}.Release|Any CPU.ActiveCfg = Release|Any CPU
		{EC71A589-DF5B-4474-82AA-54B9179EA308}.Release|Any CPU.Build.0 = Release|Any CPU
	EndGlobalSection
	GlobalSection(SolutionProperties) = preSolution
		HideSolutionNode = FALSE
	EndGlobalSection
	GlobalSection(ExtensibilityGlobals) = postSolution
		SolutionGuid = {6AE4E5AA-6796-4825-BE7C-277B31199BC0}
	EndGlobalSection
EndGlobal
